// !$*UTF8*$!
{
	archiveVersion = 1;
	classes = {
	};
	objectVersion = 50;
	objects = {

/* Begin PBXBuildFile section */
		CD87DBF726A634BE00484C5B /* AppDelegate.swift in Sources */ = {isa = PBXBuildFile; fileRef = CD87DBF626A634BE00484C5B /* AppDelegate.swift */; };
		CD87DBF926A634BE00484C5B /* SceneDelegate.swift in Sources */ = {isa = PBXBuildFile; fileRef = CD87DBF826A634BE00484C5B /* SceneDelegate.swift */; };
		CD87DBFB26A634BE00484C5B /* ViewController.swift in Sources */ = {isa = PBXBuildFile; fileRef = CD87DBFA26A634BE00484C5B /* ViewController.swift */; };
		CD87DBFE26A634BE00484C5B /* Main.storyboard in Resources */ = {isa = PBXBuildFile; fileRef = CD87DBFC26A634BE00484C5B /* Main.storyboard */; };
		CD87DC0026A634C100484C5B /* Assets.xcassets in Resources */ = {isa = PBXBuildFile; fileRef = CD87DBFF26A634C100484C5B /* Assets.xcassets */; };
		CD87DC0326A634C100484C5B /* LaunchScreen.storyboard in Resources */ = {isa = PBXBuildFile; fileRef = CD87DC0126A634C100484C5B /* LaunchScreen.storyboard */; };
		CD87DC0E26A634C100484C5B /* PreworkTests.swift in Sources */ = {isa = PBXBuildFile; fileRef = CD87DC0D26A634C100484C5B /* PreworkTests.swift */; };
		CD87DC1926A634C100484C5B /* PreworkUITests.swift in Sources */ = {isa = PBXBuildFile; fileRef = CD87DC1826A634C100484C5B /* PreworkUITests.swift */; };
/* End PBXBuildFile section */

/* Begin PBXContainerItemProxy section */
		CD87DC0A26A634C100484C5B /* PBXContainerItemProxy */ = {
			isa = PBXContainerItemProxy;
			containerPortal = CD87DBEB26A634BE00484C5B /* Project object */;
			proxyType = 1;
			remoteGlobalIDString = CD87DBF226A634BE00484C5B;
			remoteInfo = Prework;
		};
		CD87DC1526A634C100484C5B /* PBXContainerItemProxy */ = {
			isa = PBXContainerItemProxy;
			containerPortal = CD87DBEB26A634BE00484C5B /* Project object */;
			proxyType = 1;
			remoteGlobalIDString = CD87DBF226A634BE00484C5B;
			remoteInfo = Prework;
		};
/* End PBXContainerItemProxy section */

/* Begin PBXFileReference section */
		CD87DBF326A634BE00484C5B /* Prework.app */ = {isa = PBXFileReference; explicitFileType = wrapper.application; includeInIndex = 0; path = Prework.app; sourceTree = BUILT_PRODUCTS_DIR; };
		CD87DBF626A634BE00484C5B /* AppDelegate.swift */ = {isa = PBXFileReference; lastKnownFileType = sourcecode.swift; path = AppDelegate.swift; sourceTree = "<group>"; };
		CD87DBF826A634BE00484C5B /* SceneDelegate.swift */ = {isa = PBXFileReference; lastKnownFileType = sourcecode.swift; path = SceneDelegate.swift; sourceTree = "<group>"; };
		CD87DBFA26A634BE00484C5B /* ViewController.swift */ = {isa = PBXFileReference; lastKnownFileType = sourcecode.swift; path = ViewController.swift; sourceTree = "<group>"; };
		CD87DBFD26A634BE00484C5B /* Base */ = {isa = PBXFileReference; lastKnownFileType = file.storyboard; name = Base; path = Base.lproj/Main.storyboard; sourceTree = "<group>"; };
		CD87DBFF26A634C100484C5B /* Assets.xcassets */ = {isa = PBXFileReference; lastKnownFileType = folder.assetcatalog; path = Assets.xcassets; sourceTree = "<group>"; };
		CD87DC0226A634C100484C5B /* Base */ = {isa = PBXFileReference; lastKnownFileType = file.storyboard; name = Base; path = Base.lproj/LaunchScreen.storyboard; sourceTree = "<group>"; };
		CD87DC0426A634C100484C5B /* Info.plist */ = {isa = PBXFileReference; lastKnownFileType = text.plist.xml; path = Info.plist; sourceTree = "<group>"; };
		CD87DC0926A634C100484C5B /* PreworkTests.xctest */ = {isa = PBXFileReference; explicitFileType = wrapper.cfbundle; includeInIndex = 0; path = PreworkTests.xctest; sourceTree = BUILT_PRODUCTS_DIR; };
		CD87DC0D26A634C100484C5B /* PreworkTests.swift */ = {isa = PBXFileReference; lastKnownFileType = sourcecode.swift; path = PreworkTests.swift; sourceTree = "<group>"; };
		CD87DC0F26A634C100484C5B /* Info.plist */ = {isa = PBXFileReference; lastKnownFileType = text.plist.xml; path = Info.plist; sourceTree = "<group>"; };
		CD87DC1426A634C100484C5B /* PreworkUITests.xctest */ = {isa = PBXFileReference; explicitFileType = wrapper.cfbundle; includeInIndex = 0; path = PreworkUITests.xctest; sourceTree = BUILT_PRODUCTS_DIR; };
		CD87DC1826A634C100484C5B /* PreworkUITests.swift */ = {isa = PBXFileReference; lastKnownFileType = sourcecode.swift; path = PreworkUITests.swift; sourceTree = "<group>"; };
		CD87DC1A26A634C100484C5B /* Info.plist */ = {isa = PBXFileReference; lastKnownFileType = text.plist.xml; path = Info.plist; sourceTree = "<group>"; };
/* End PBXFileReference section */

/* Begin PBXFrameworksBuildPhase section */
		CD87DBF026A634BE00484C5B /* Frameworks */ = {
			isa = PBXFrameworksBuildPhase;
			buildActionMask = 2147483647;
			files = (
			);
			runOnlyForDeploymentPostprocessing = 0;
		};
		CD87DC0626A634C100484C5B /* Frameworks */ = {
			isa = PBXFrameworksBuildPhase;
			buildActionMask = 2147483647;
			files = (
			);
			runOnlyForDeploymentPostprocessing = 0;
		};
		CD87DC1126A634C100484C5B /* Frameworks */ = {
			isa = PBXFrameworksBuildPhase;
			buildActionMask = 2147483647;
			files = (
			);
			runOnlyForDeploymentPostprocessing = 0;
		};
/* End PBXFrameworksBuildPhase section */

/* Begin PBXGroup section */
		CD87DBEA26A634BE00484C5B = {
			isa = PBXGroup;
			children = (
				CD87DBF526A634BE00484C5B /* Prework */,
				CD87DC0C26A634C100484C5B /* PreworkTests */,
				CD87DC1726A634C100484C5B /* PreworkUITests */,
				CD87DBF426A634BE00484C5B /* Products */,
			);
			sourceTree = "<group>";
		};
		CD87DBF426A634BE00484C5B /* Products */ = {
			isa = PBXGroup;
			children = (
				CD87DBF326A634BE00484C5B /* Prework.app */,
				CD87DC0926A634C100484C5B /* PreworkTests.xctest */,
				CD87DC1426A634C100484C5B /* PreworkUITests.xctest */,
			);
			name = Products;
			sourceTree = "<group>";
		};
		CD87DBF526A634BE00484C5B /* Prework */ = {
			isa = PBXGroup;
			children = (
				CD87DBF626A634BE00484C5B /* AppDelegate.swift */,
				CD87DBF826A634BE00484C5B /* SceneDelegate.swift */,
				CD87DBFA26A634BE00484C5B /* ViewController.swift */,
				CD87DBFC26A634BE00484C5B /* Main.storyboard */,
				CD87DBFF26A634C100484C5B /* Assets.xcassets */,
				CD87DC0126A634C100484C5B /* LaunchScreen.storyboard */,
				CD87DC0426A634C100484C5B /* Info.plist */,
			);
			path = Prework;
			sourceTree = "<group>";
		};
		CD87DC0C26A634C100484C5B /* PreworkTests */ = {
			isa = PBXGroup;
			children = (
				CD87DC0D26A634C100484C5B /* PreworkTests.swift */,
				CD87DC0F26A634C100484C5B /* Info.plist */,
			);
			path = PreworkTests;
			sourceTree = "<group>";
		};
		CD87DC1726A634C100484C5B /* PreworkUITests */ = {
			isa = PBXGroup;
			children = (
				CD87DC1826A634C100484C5B /* PreworkUITests.swift */,
				CD87DC1A26A634C100484C5B /* Info.plist */,
			);
			path = PreworkUITests;
			sourceTree = "<group>";
		};
/* End PBXGroup section */

/* Begin PBXNativeTarget section */
		CD87DBF226A634BE00484C5B /* Prework */ = {
			isa = PBXNativeTarget;
			buildConfigurationList = CD87DC1D26A634C100484C5B /* Build configuration list for PBXNativeTarget "Prework" */;
			buildPhases = (
				CD87DBEF26A634BE00484C5B /* Sources */,
				CD87DBF026A634BE00484C5B /* Frameworks */,
				CD87DBF126A634BE00484C5B /* Resources */,
			);
			buildRules = (
			);
			dependencies = (
			);
			name = Prework;
			productName = Prework;
			productReference = CD87DBF326A634BE00484C5B /* Prework.app */;
			productType = "com.apple.product-type.application";
		};
		CD87DC0826A634C100484C5B /* PreworkTests */ = {
			isa = PBXNativeTarget;
			buildConfigurationList = CD87DC2026A634C100484C5B /* Build configuration list for PBXNativeTarget "PreworkTests" */;
			buildPhases = (
				CD87DC0526A634C100484C5B /* Sources */,
				CD87DC0626A634C100484C5B /* Frameworks */,
				CD87DC0726A634C100484C5B /* Resources */,
			);
			buildRules = (
			);
			dependencies = (
				CD87DC0B26A634C100484C5B /* PBXTargetDependency */,
			);
			name = PreworkTests;
			productName = PreworkTests;
			productReference = CD87DC0926A634C100484C5B /* PreworkTests.xctest */;
			productType = "com.apple.product-type.bundle.unit-test";
		};
		CD87DC1326A634C100484C5B /* PreworkUITests */ = {
			isa = PBXNativeTarget;
			buildConfigurationList = CD87DC2326A634C100484C5B /* Build configuration list for PBXNativeTarget "PreworkUITests" */;
			buildPhases = (
				CD87DC1026A634C100484C5B /* Sources */,
				CD87DC1126A634C100484C5B /* Frameworks */,
				CD87DC1226A634C100484C5B /* Resources */,
			);
			buildRules = (
			);
			dependencies = (
				CD87DC1626A634C100484C5B /* PBXTargetDependency */,
			);
			name = PreworkUITests;
			productName = PreworkUITests;
			productReference = CD87DC1426A634C100484C5B /* PreworkUITests.xctest */;
			productType = "com.apple.product-type.bundle.ui-testing";
		};
/* End PBXNativeTarget section */

/* Begin PBXProject section */
		CD87DBEB26A634BE00484C5B /* Project object */ = {
			isa = PBXProject;
			attributes = {
				LastSwiftUpdateCheck = 1250;
				LastUpgradeCheck = 1250;
				TargetAttributes = {
					CD87DBF226A634BE00484C5B = {
						CreatedOnToolsVersion = 12.5.1;
					};
					CD87DC0826A634C100484C5B = {
						CreatedOnToolsVersion = 12.5.1;
						TestTargetID = CD87DBF226A634BE00484C5B;
					};
					CD87DC1326A634C100484C5B = {
						CreatedOnToolsVersion = 12.5.1;
						TestTargetID = CD87DBF226A634BE00484C5B;
					};
				};
			};
			buildConfigurationList = CD87DBEE26A634BE00484C5B /* Build configuration list for PBXProject "Prework" */;
			compatibilityVersion = "Xcode 9.3";
			developmentRegion = en;
			hasScannedForEncodings = 0;
			knownRegions = (
				en,
				Base,
			);
			mainGroup = CD87DBEA26A634BE00484C5B;
			productRefGroup = CD87DBF426A634BE00484C5B /* Products */;
			projectDirPath = "";
			projectRoot = "";
			targets = (
				CD87DBF226A634BE00484C5B /* Prework */,
				CD87DC0826A634C100484C5B /* PreworkTests */,
				CD87DC1326A634C100484C5B /* PreworkUITests */,
			);
		};
/* End PBXProject section */

/* Begin PBXResourcesBuildPhase section */
		CD87DBF126A634BE00484C5B /* Resources */ = {
			isa = PBXResourcesBuildPhase;
			buildActionMask = 2147483647;
			files = (
				CD87DC0326A634C100484C5B /* LaunchScreen.storyboard in Resources */,
				CD87DC0026A634C100484C5B /* Assets.xcassets in Resources */,
				CD87DBFE26A634BE00484C5B /* Main.storyboard in Resources */,
			);
			runOnlyForDeploymentPostprocessing = 0;
		};
		CD87DC0726A634C100484C5B /* Resources */ = {
			isa = PBXResourcesBuildPhase;
			buildActionMask = 2147483647;
			files = (
			);
			runOnlyForDeploymentPostprocessing = 0;
		};
		CD87DC1226A634C100484C5B /* Resources */ = {
			isa = PBXResourcesBuildPhase;
			buildActionMask = 2147483647;
			files = (
			);
			runOnlyForDeploymentPostprocessing = 0;
		};
/* End PBXResourcesBuildPhase section */

/* Begin PBXSourcesBuildPhase section */
		CD87DBEF26A634BE00484C5B /* Sources */ = {
			isa = PBXSourcesBuildPhase;
			buildActionMask = 2147483647;
			files = (
				CD87DBFB26A634BE00484C5B /* ViewController.swift in Sources */,
				CD87DBF726A634BE00484C5B /* AppDelegate.swift in Sources */,
				CD87DBF926A634BE00484C5B /* SceneDelegate.swift in Sources */,
			);
			runOnlyForDeploymentPostprocessing = 0;
		};
		CD87DC0526A634C100484C5B /* Sources */ = {
			isa = PBXSourcesBuildPhase;
			buildActionMask = 2147483647;
			files = (
				CD87DC0E26A634C100484C5B /* PreworkTests.swift in Sources */,
			);
			runOnlyForDeploymentPostprocessing = 0;
		};
		CD87DC1026A634C100484C5B /* Sources */ = {
			isa = PBXSourcesBuildPhase;
			buildActionMask = 2147483647;
			files = (
				CD87DC1926A634C100484C5B /* PreworkUITests.swift in Sources */,
			);
			runOnlyForDeploymentPostprocessing = 0;
		};
/* End PBXSourcesBuildPhase section */

/* Begin PBXTargetDependency section */
		CD87DC0B26A634C100484C5B /* PBXTargetDependency */ = {
			isa = PBXTargetDependency;
			target = CD87DBF226A634BE00484C5B /* Prework */;
			targetProxy = CD87DC0A26A634C100484C5B /* PBXContainerItemProxy */;
		};
		CD87DC1626A634C100484C5B /* PBXTargetDependency */ = {
			isa = PBXTargetDependency;
			target = CD87DBF226A634BE00484C5B /* Prework */;
			targetProxy = CD87DC1526A634C100484C5B /* PBXContainerItemProxy */;
		};
/* End PBXTargetDependency section */

/* Begin PBXVariantGroup section */
		CD87DBFC26A634BE00484C5B /* Main.storyboard */ = {
			isa = PBXVariantGroup;
			children = (
				CD87DBFD26A634BE00484C5B /* Base */,
			);
			name = Main.storyboard;
			sourceTree = "<group>";
		};
		CD87DC0126A634C100484C5B /* LaunchScreen.storyboard */ = {
			isa = PBXVariantGroup;
			children = (
				CD87DC0226A634C100484C5B /* Base */,
			);
			name = LaunchScreen.storyboard;
			sourceTree = "<group>";
		};
/* End PBXVariantGroup section */

/* Begin XCBuildConfiguration section */
		CD87DC1B26A634C100484C5B /* Debug */ = {
			isa = XCBuildConfiguration;
			buildSettings = {
				ALWAYS_SEARCH_USER_PATHS = NO;
				CLANG_ANALYZER_NONNULL = YES;
				CLANG_ANALYZER_NUMBER_OBJECT_CONVERSION = YES_AGGRESSIVE;
				CLANG_CXX_LANGUAGE_STANDARD = "gnu++14";
				CLANG_CXX_LIBRARY = "libc++";
				CLANG_ENABLE_MODULES = YES;
				CLANG_ENABLE_OBJC_ARC = YES;
				CLANG_ENABLE_OBJC_WEAK = YES;
				CLANG_WARN_BLOCK_CAPTURE_AUTORELEASING = YES;
				CLANG_WARN_BOOL_CONVERSION = YES;
				CLANG_WARN_COMMA = YES;
				CLANG_WARN_CONSTANT_CONVERSION = YES;
				CLANG_WARN_DEPRECATED_OBJC_IMPLEMENTATIONS = YES;
				CLANG_WARN_DIRECT_OBJC_ISA_USAGE = YES_ERROR;
				CLANG_WARN_DOCUMENTATION_COMMENTS = YES;
				CLANG_WARN_EMPTY_BODY = YES;
				CLANG_WARN_ENUM_CONVERSION = YES;
				CLANG_WARN_INFINITE_RECURSION = YES;
				CLANG_WARN_INT_CONVERSION = YES;
				CLANG_WARN_NON_LITERAL_NULL_CONVERSION = YES;
				CLANG_WARN_OBJC_IMPLICIT_RETAIN_SELF = YES;
				CLANG_WARN_OBJC_LITERAL_CONVERSION = YES;
				CLANG_WARN_OBJC_ROOT_CLASS = YES_ERROR;
				CLANG_WARN_QUOTED_INCLUDE_IN_FRAMEWORK_HEADER = YES;
				CLANG_WARN_RANGE_LOOP_ANALYSIS = YES;
				CLANG_WARN_STRICT_PROTOTYPES = YES;
				CLANG_WARN_SUSPICIOUS_MOVE = YES;
				CLANG_WARN_UNGUARDED_AVAILABILITY = YES_AGGRESSIVE;
				CLANG_WARN_UNREACHABLE_CODE = YES;
				CLANG_WARN__DUPLICATE_METHOD_MATCH = YES;
				COPY_PHASE_STRIP = NO;
				DEBUG_INFORMATION_FORMAT = dwarf;
				ENABLE_STRICT_OBJC_MSGSEND = YES;
				ENABLE_TESTABILITY = YES;
				GCC_C_LANGUAGE_STANDARD = gnu11;
				GCC_DYNAMIC_NO_PIC = NO;
				GCC_NO_COMMON_BLOCKS = YES;
				GCC_OPTIMIZATION_LEVEL = 0;
				GCC_PREPROCESSOR_DEFINITIONS = (
					"DEBUG=1",
					"$(inherited)",
				);
				GCC_WARN_64_TO_32_BIT_CONVERSION = YES;
				GCC_WARN_ABOUT_RETURN_TYPE = YES_ERROR;
				GCC_WARN_UNDECLARED_SELECTOR = YES;
				GCC_WARN_UNINITIALIZED_AUTOS = YES_AGGRESSIVE;
				GCC_WARN_UNUSED_FUNCTION = YES;
				GCC_WARN_UNUSED_VARIABLE = YES;
				IPHONEOS_DEPLOYMENT_TARGET = 14.5;
				MTL_ENABLE_DEBUG_INFO = INCLUDE_SOURCE;
				MTL_FAST_MATH = YES;
				ONLY_ACTIVE_ARCH = YES;
				SDKROOT = iphoneos;
				SWIFT_ACTIVE_COMPILATION_CONDITIONS = DEBUG;
				SWIFT_OPTIMIZATION_LEVEL = "-Onone";
			};
			name = Debug;
		};
		CD87DC1C26A634C100484C5B /* Release */ = {
			isa = XCBuildConfiguration;
			buildSettings = {
				ALWAYS_SEARCH_USER_PATHS = NO;
				CLANG_ANALYZER_NONNULL = YES;
				CLANG_ANALYZER_NUMBER_OBJECT_CONVERSION = YES_AGGRESSIVE;
				CLANG_CXX_LANGUAGE_STANDARD = "gnu++14";
				CLANG_CXX_LIBRARY = "libc++";
				CLANG_ENABLE_MODULES = YES;
				CLANG_ENABLE_OBJC_ARC = YES;
				CLANG_ENABLE_OBJC_WEAK = YES;
				CLANG_WARN_BLOCK_CAPTURE_AUTORELEASING = YES;
				CLANG_WARN_BOOL_CONVERSION = YES;
				CLANG_WARN_COMMA = YES;
				CLANG_WARN_CONSTANT_CONVERSION = YES;
				CLANG_WARN_DEPRECATED_OBJC_IMPLEMENTATIONS = YES;
				CLANG_WARN_DIRECT_OBJC_ISA_USAGE = YES_ERROR;
				CLANG_WARN_DOCUMENTATION_COMMENTS = YES;
				CLANG_WARN_EMPTY_BODY = YES;
				CLANG_WARN_ENUM_CONVERSION = YES;
				CLANG_WARN_INFINITE_RECURSION = YES;
				CLANG_WARN_INT_CONVERSION = YES;
				CLANG_WARN_NON_LITERAL_NULL_CONVERSION = YES;
				CLANG_WARN_OBJC_IMPLICIT_RETAIN_SELF = YES;
				CLANG_WARN_OBJC_LITERAL_CONVERSION = YES;
				CLANG_WARN_OBJC_ROOT_CLASS = YES_ERROR;
				CLANG_WARN_QUOTED_INCLUDE_IN_FRAMEWORK_HEADER = YES;
				CLANG_WARN_RANGE_LOOP_ANALYSIS = YES;
				CLANG_WARN_STRICT_PROTOTYPES = YES;
				CLANG_WARN_SUSPICIOUS_MOVE = YES;
				CLANG_WARN_UNGUARDED_AVAILABILITY = YES_AGGRESSIVE;
				CLANG_WARN_UNREACHABLE_CODE = YES;
				CLANG_WARN__DUPLICATE_METHOD_MATCH = YES;
				COPY_PHASE_STRIP = NO;
				DEBUG_INFORMATION_FORMAT = "dwarf-with-dsym";
				ENABLE_NS_ASSERTIONS = NO;
				ENABLE_STRICT_OBJC_MSGSEND = YES;
				GCC_C_LANGUAGE_STANDARD = gnu11;
				GCC_NO_COMMON_BLOCKS = YES;
				GCC_WARN_64_TO_32_BIT_CONVERSION = YES;
				GCC_WARN_ABOUT_RETURN_TYPE = YES_ERROR;
				GCC_WARN_UNDECLARED_SELECTOR = YES;
				GCC_WARN_UNINITIALIZED_AUTOS = YES_AGGRESSIVE;
				GCC_WARN_UNUSED_FUNCTION = YES;
				GCC_WARN_UNUSED_VARIABLE = YES;
				IPHONEOS_DEPLOYMENT_TARGET = 14.5;
				MTL_ENABLE_DEBUG_INFO = NO;
				MTL_FAST_MATH = YES;
				SDKROOT = iphoneos;
				SWIFT_COMPILATION_MODE = wholemodule;
				SWIFT_OPTIMIZATION_LEVEL = "-O";
				VALIDATE_PRODUCT = YES;
			};
			name = Release;
		};
		CD87DC1E26A634C100484C5B /* Debug */ = {
			isa = XCBuildConfiguration;
			buildSettings = {
				ASSETCATALOG_COMPILER_APPICON_NAME = AppIcon;
				ASSETCATALOG_COMPILER_GLOBAL_ACCENT_COLOR_NAME = AccentColor;
				CODE_SIGN_STYLE = Automatic;
				INFOPLIST_FILE = Prework/Info.plist;
				LD_RUNPATH_SEARCH_PATHS = (
					"$(inherited)",
					"@executable_path/Frameworks",
				);
				PRODUCT_BUNDLE_IDENTIFIER = codepath.Prework;
				PRODUCT_NAME = "$(TARGET_NAME)";
				SWIFT_VERSION = 5.0;
				TARGETED_DEVICE_FAMILY = "1,2";
			};
			name = Debug;
		};
		CD87DC1F26A634C100484C5B /* Release */ = {
			isa = XCBuildConfiguration;
			buildSettings = {
				ASSETCATALOG_COMPILER_APPICON_NAME = AppIcon;
				ASSETCATALOG_COMPILER_GLOBAL_ACCENT_COLOR_NAME = AccentColor;
				CODE_SIGN_STYLE = Automatic;
				INFOPLIST_FILE = Prework/Info.plist;
				LD_RUNPATH_SEARCH_PATHS = (
					"$(inherited)",
					"@executable_path/Frameworks",
				);
				PRODUCT_BUNDLE_IDENTIFIER = codepath.Prework;
				PRODUCT_NAME = "$(TARGET_NAME)";
				SWIFT_VERSION = 5.0;
				TARGETED_DEVICE_FAMILY = "1,2";
			};
			name = Release;
		};
		CD87DC2126A634C100484C5B /* Debug */ = {
			isa = XCBuildConfiguration;
			buildSettings = {
				ALWAYS_EMBED_SWIFT_STANDARD_LIBRARIES = YES;
				BUNDLE_LOADER = "$(TEST_HOST)";
				CODE_SIGN_STYLE = Automatic;
				INFOPLIST_FILE = PreworkTests/Info.plist;
				IPHONEOS_DEPLOYMENT_TARGET = 14.5;
				LD_RUNPATH_SEARCH_PATHS = (
					"$(inherited)",
					"@executable_path/Frameworks",
					"@loader_path/Frameworks",
				);
				PRODUCT_BUNDLE_IDENTIFIER = codepath.PreworkTests;
				PRODUCT_NAME = "$(TARGET_NAME)";
				SWIFT_VERSION = 5.0;
				TARGETED_DEVICE_FAMILY = "1,2";
				TEST_HOST = "$(BUILT_PRODUCTS_DIR)/Prework.app/Prework";
			};
			name = Debug;
		};
		CD87DC2226A634C100484C5B /* Release */ = {
			isa = XCBuildConfiguration;
			buildSettings = {
				ALWAYS_EMBED_SWIFT_STANDARD_LIBRARIES = YES;
				BUNDLE_LOADER = "$(TEST_HOST)";
				CODE_SIGN_STYLE = Automatic;
				INFOPLIST_FILE = PreworkTests/Info.plist;
				IPHONEOS_DEPLOYMENT_TARGET = 14.5;
				LD_RUNPATH_SEARCH_PATHS = (
					"$(inherited)",
					"@executable_path/Frameworks",
					"@loader_path/Frameworks",
				);
				PRODUCT_BUNDLE_IDENTIFIER = codepath.PreworkTests;
				PRODUCT_NAME = "$(TARGET_NAME)";
				SWIFT_VERSION = 5.0;
				TARGETED_DEVICE_FAMILY = "1,2";
				TEST_HOST = "$(BUILT_PRODUCTS_DIR)/Prework.app/Prework";
			};
			name = Release;
		};
		CD87DC2426A634C100484C5B /* Debug */ = {
			isa = XCBuildConfiguration;
			buildSettings = {
				ALWAYS_EMBED_SWIFT_STANDARD_LIBRARIES = YES;
				CODE_SIGN_STYLE = Automatic;
				INFOPLIST_FILE = PreworkUITests/Info.plist;
				LD_RUNPATH_SEARCH_PATHS = (
					"$(inherited)",
					"@executable_path/Frameworks",
					"@loader_path/Frameworks",
				);
				PRODUCT_BUNDLE_IDENTIFIER = codepath.PreworkUITests;
				PRODUCT_NAME = "$(TARGET_NAME)";
				SWIFT_VERSION = 5.0;
				TARGETED_DEVICE_FAMILY = "1,2";
				TEST_TARGET_NAME = Prework;
			};
			name = Debug;
		};
		CD87DC2526A634C100484C5B /* Release */ = {
			isa = XCBuildConfiguration;
			buildSettings = {
				ALWAYS_EMBED_SWIFT_STANDARD_LIBRARIES = YES;
				CODE_SIGN_STYLE = Automatic;
				INFOPLIST_FILE = PreworkUITests/Info.plist;
				LD_RUNPATH_SEARCH_PATHS = (
					"$(inherited)",
					"@executable_path/Frameworks",
					"@loader_path/Frameworks",
				);
				PRODUCT_BUNDLE_IDENTIFIER = codepath.PreworkUITests;
				PRODUCT_NAME = "$(TARGET_NAME)";
				SWIFT_VERSION = 5.0;
				TARGETED_DEVICE_FAMILY = "1,2";
				TEST_TARGET_NAME = Prework;
			};
			name = Release;
		};
/* End XCBuildConfiguration section */

/* Begin XCConfigurationList section */
		CD87DBEE26A634BE00484C5B /* Build configuration list for PBXProject "Prework" */ = {
			isa = XCConfigurationList;
			buildConfigurations = (
				CD87DC1B26A634C100484C5B /* Debug */,
				CD87DC1C26A634C100484C5B /* Release */,
			);
			defaultConfigurationIsVisible = 0;
			defaultConfigurationName = Release;
		};
		CD87DC1D26A634C100484C5B /* Build configuration list for PBXNativeTarget "Prework" */ = {
			isa = XCConfigurationList;
			buildConfigurations = (
				CD87DC1E26A634C100484C5B /* Debug */,
				CD87DC1F26A634C100484C5B /* Release */,
			);
			defaultConfigurationIsVisible = 0;
			defaultConfigurationName = Release;
		};
		CD87DC2026A634C100484C5B /* Build configuration list for PBXNativeTarget "PreworkTests" */ = {
			isa = XCConfigurationList;
			buildConfigurations = (
				CD87DC2126A634C100484C5B /* Debug */,
				CD87DC2226A634C100484C5B /* Release */,
			);
			defaultConfigurationIsVisible = 0;
			defaultConfigurationName = Release;
		};
		CD87DC2326A634C100484C5B /* Build configuration list for PBXNativeTarget "PreworkUITests" */ = {
			isa = XCConfigurationList;
			buildConfigurations = (
				CD87DC2426A634C100484C5B /* Debug */,
				CD87DC2526A634C100484C5B /* Release */,
			);
			defaultConfigurationIsVisible = 0;
			defaultConfigurationName = Release;
		};
/* End XCConfigurationList section */
	};
	rootObject = CD87DBEB26A634BE00484C5B /* Project object */;
}
